
Microsoft Visual Studio Solution File, Format Version 12.00
Project("{FAE04EC0-301F-11D3-BF4B-00C04F79EFBC}") = "Day01-HistorianHysteria", "Day01-HistorianHysteria\Day01-HistorianHysteria.csproj", "{20F9BDD9-98A0-47FD-A364-923E5D4CC656}"
EndProject
Project("{FAE04EC0-301F-11D3-BF4B-00C04F79EFBC}") = "Day02-RedNosedReports", "Day02-RedNosedReports\Day02-RedNosedReports.csproj", "{96EE3AE3-3D0F-4C6B-A6C3-E55B1D1AE03D}"
EndProject
Project("{FAE04EC0-301F-11D3-BF4B-00C04F79EFBC}") = "Day03-MullItOver", "Day03-MullItOver\Day03-MullItOver.csproj", "{971C5377-918E-4FC5-80F8-DC02C9B8428C}"
EndProject
Project("{FAE04EC0-301F-11D3-BF4B-00C04F79EFBC}") = "Day04-CeresSearch", "Day04-CeresSearch\Day04-CeresSearch.csproj", "{77ABC42C-E4D2-4239-B830-B7E9A4CA85BC}"
EndProject
Project("{FAE04EC0-301F-11D3-BF4B-00C04F79EFBC}") = "Day05-PrintQueue", "Day05-PrintQueue\Day05-PrintQueue.csproj", "{EF243877-796B-4A3E-892D-B45B2B628130}"
EndProject
Project("{FAE04EC0-301F-11D3-BF4B-00C04F79EFBC}") = "Day06-GuardGallivant", "Day06-GuardGallivant\Day06-GuardGallivant.csproj", "{712F03C6-7EED-4F47-9AE9-077C5DE5F085}"
EndProject
Project("{FAE04EC0-301F-11D3-BF4B-00C04F79EFBC}") = "Day07-BridgeRepair", "Day07-BridgeRepair\Day07-BridgeRepair.csproj", "{217008CF-EA06-4CBA-A6DD-8C29547D15AA}"
EndProject
Global
	GlobalSection(SolutionConfigurationPlatforms) = preSolution
		Debug|Any CPU = Debug|Any CPU
		Release|Any CPU = Release|Any CPU
	EndGlobalSection
	GlobalSection(ProjectConfigurationPlatforms) = postSolution
		{20F9BDD9-98A0-47FD-A364-923E5D4CC656}.Debug|Any CPU.ActiveCfg = Debug|Any CPU
		{20F9BDD9-98A0-47FD-A364-923E5D4CC656}.Debug|Any CPU.Build.0 = Debug|Any CPU
		{20F9BDD9-98A0-47FD-A364-923E5D4CC656}.Release|Any CPU.ActiveCfg = Release|Any CPU
		{20F9BDD9-98A0-47FD-A364-923E5D4CC656}.Release|Any CPU.Build.0 = Release|Any CPU
		{96EE3AE3-3D0F-4C6B-A6C3-E55B1D1AE03D}.Debug|Any CPU.ActiveCfg = Debug|Any CPU
		{96EE3AE3-3D0F-4C6B-A6C3-E55B1D1AE03D}.Debug|Any CPU.Build.0 = Debug|Any CPU
		{96EE3AE3-3D0F-4C6B-A6C3-E55B1D1AE03D}.Release|Any CPU.ActiveCfg = Release|Any CPU
		{96EE3AE3-3D0F-4C6B-A6C3-E55B1D1AE03D}.Release|Any CPU.Build.0 = Release|Any CPU
		{971C5377-918E-4FC5-80F8-DC02C9B8428C}.Debug|Any CPU.ActiveCfg = Debug|Any CPU
		{971C5377-918E-4FC5-80F8-DC02C9B8428C}.Debug|Any CPU.Build.0 = Debug|Any CPU
		{971C5377-918E-4FC5-80F8-DC02C9B8428C}.Release|Any CPU.ActiveCfg = Release|Any CPU
		{971C5377-918E-4FC5-80F8-DC02C9B8428C}.Release|Any CPU.Build.0 = Release|Any CPU
		{77ABC42C-E4D2-4239-B830-B7E9A4CA85BC}.Debug|Any CPU.ActiveCfg = Debug|Any CPU
		{77ABC42C-E4D2-4239-B830-B7E9A4CA85BC}.Debug|Any CPU.Build.0 = Debug|Any CPU
		{77ABC42C-E4D2-4239-B830-B7E9A4CA85BC}.Release|Any CPU.ActiveCfg = Release|Any CPU
		{77ABC42C-E4D2-4239-B830-B7E9A4CA85BC}.Release|Any CPU.Build.0 = Release|Any CPU
		{EF243877-796B-4A3E-892D-B45B2B628130}.Debug|Any CPU.ActiveCfg = Debug|Any CPU
		{EF243877-796B-4A3E-892D-B45B2B628130}.Debug|Any CPU.Build.0 = Debug|Any CPU
		{EF243877-796B-4A3E-892D-B45B2B628130}.Release|Any CPU.ActiveCfg = Release|Any CPU
		{EF243877-796B-4A3E-892D-B45B2B628130}.Release|Any CPU.Build.0 = Release|Any CPU
		{712F03C6-7EED-4F47-9AE9-077C5DE5F085}.Debug|Any CPU.ActiveCfg = Debug|Any CPU
		{712F03C6-7EED-4F47-9AE9-077C5DE5F085}.Debug|Any CPU.Build.0 = Debug|Any CPU
		{712F03C6-7EED-4F47-9AE9-077C5DE5F085}.Release|Any CPU.ActiveCfg = Release|Any CPU
		{712F03C6-7EED-4F47-9AE9-077C5DE5F085}.Release|Any CPU.Build.0 = Release|Any CPU
		{217008CF-EA06-4CBA-A6DD-8C29547D15AA}.Debug|Any CPU.ActiveCfg = Debug|Any CPU
		{217008CF-EA06-4CBA-A6DD-8C29547D15AA}.Debug|Any CPU.Build.0 = Debug|Any CPU
		{217008CF-EA06-4CBA-A6DD-8C29547D15AA}.Release|Any CPU.ActiveCfg = Release|Any CPU
		{217008CF-EA06-4CBA-A6DD-8C29547D15AA}.Release|Any CPU.Build.0 = Release|Any CPU
	EndGlobalSection
EndGlobal
