
Microsoft Visual Studio Solution File, Format Version 12.00
Project("{FAE04EC0-301F-11D3-BF4B-00C04F79EFBC}") = "Day01-HistorianHysteria", "Day01-HistorianHysteria\Day01-HistorianHysteria.csproj", "{20F9BDD9-98A0-47FD-A364-923E5D4CC656}"
EndProject
Project("{FAE04EC0-301F-11D3-BF4B-00C04F79EFBC}") = "Day02-RedNosedReports", "Day02-RedNosedReports\Day02-RedNosedReports.csproj", "{96EE3AE3-3D0F-4C6B-A6C3-E55B1D1AE03D}"
EndProject
Global
	GlobalSection(SolutionConfigurationPlatforms) = preSolution
		Debug|Any CPU = Debug|Any CPU
		Release|Any CPU = Release|Any CPU
	EndGlobalSection
	GlobalSection(ProjectConfigurationPlatforms) = postSolution
		{20F9BDD9-98A0-47FD-A364-923E5D4CC656}.Debug|Any CPU.ActiveCfg = Debug|Any CPU
		{20F9BDD9-98A0-47FD-A364-923E5D4CC656}.Debug|Any CPU.Build.0 = Debug|Any CPU
		{20F9BDD9-98A0-47FD-A364-923E5D4CC656}.Release|Any CPU.ActiveCfg = Release|Any CPU
		{20F9BDD9-98A0-47FD-A364-923E5D4CC656}.Release|Any CPU.Build.0 = Release|Any CPU
		{96EE3AE3-3D0F-4C6B-A6C3-E55B1D1AE03D}.Debug|Any CPU.ActiveCfg = Debug|Any CPU
		{96EE3AE3-3D0F-4C6B-A6C3-E55B1D1AE03D}.Debug|Any CPU.Build.0 = Debug|Any CPU
		{96EE3AE3-3D0F-4C6B-A6C3-E55B1D1AE03D}.Release|Any CPU.ActiveCfg = Release|Any CPU
		{96EE3AE3-3D0F-4C6B-A6C3-E55B1D1AE03D}.Release|Any CPU.Build.0 = Release|Any CPU
	EndGlobalSection
EndGlobal
